
Microsoft Visual Studio Solution File, Format Version 12.00
# Visual Studio 15
VisualStudioVersion = 15.0.28010.2048
MinimumVisualStudioVersion = 10.0.40219.1
Project("{FAE04EC0-301F-11D3-BF4B-00C04F79EFBC}") = "CreaterTest", "CreaterTest\CreaterTest.csproj", "{3CBA66AE-3209-4363-9A67-EFA4D5B647D2}"
EndProject
Global
	GlobalSection(SolutionConfigurationPlatforms) = preSolution
		Debug|Any CPU = Debug|Any CPU
		Release|Any CPU = Release|Any CPU
	EndGlobalSection
	GlobalSection(ProjectConfigurationPlatforms) = postSolution
		{3CBA66AE-3209-4363-9A67-EFA4D5B647D2}.Debug|Any CPU.ActiveCfg = Debug|Any CPU
		{3CBA66AE-3209-4363-9A67-EFA4D5B647D2}.Debug|Any CPU.Build.0 = Debug|Any CPU
		{3CBA66AE-3209-4363-9A67-EFA4D5B647D2}.Release|Any CPU.ActiveCfg = Release|Any CPU
		{3CBA66AE-3209-4363-9A67-EFA4D5B647D2}.Release|Any CPU.Build.0 = Release|Any CPU
	EndGlobalSection
	GlobalSection(SolutionProperties) = preSolution
		HideSolutionNode = FALSE
	EndGlobalSection
	GlobalSection(ExtensibilityGlobals) = postSolution
		SolutionGuid = {78865793-B065-4334-99FC-69FC746B72A4}
	EndGlobalSection
EndGlobal
